// !$*UTF8*$!
{
	archiveVersion = 1;
	classes = {
	};
	objectVersion = 56;
	objects = {

/* Begin PBXBuildFile section */
		F5B40DD12901E4FC008A6872 /* main.cpp in Sources */ = {isa = PBXBuildFile; fileRef = F5B40DD02901E4FC008A6872 /* main.cpp */; };
		F5B40DDD2901EA07008A6872 /* socket.c in Sources */ = {isa = PBXBuildFile; fileRef = F5B40DDC2901EA07008A6872 /* socket.c */; };
		F5B40DE12901F901008A6872 /* acceptConnection.c in Sources */ = {isa = PBXBuildFile; fileRef = F5B40DE02901F901008A6872 /* acceptConnection.c */; };
		F5B40DEA2902A5FA008A6872 /* main.cpp in Sources */ = {isa = PBXBuildFile; fileRef = F5B40DE72902A5FA008A6872 /* main.cpp */; };
		F5B40DEB2902A5FA008A6872 /* server.cpp in Sources */ = {isa = PBXBuildFile; fileRef = F5B40DE92902A5FA008A6872 /* server.cpp */; };
		F5B40DEE2902A69C008A6872 /* userThread.cpp in Sources */ = {isa = PBXBuildFile; fileRef = F5B40DEC2902A69C008A6872 /* userThread.cpp */; };
/* End PBXBuildFile section */

/* Begin PBXCopyFilesBuildPhase section */
		F5B40DC12901E4C4008A6872 /* CopyFiles */ = {
			isa = PBXCopyFilesBuildPhase;
			buildActionMask = 2147483647;
			dstPath = /usr/share/man/man1/;
			dstSubfolderSpec = 0;
			files = (
			);
			runOnlyForDeploymentPostprocessing = 1;
		};
		F5B40DCC2901E4FC008A6872 /* CopyFiles */ = {
			isa = PBXCopyFilesBuildPhase;
			buildActionMask = 2147483647;
			dstPath = /usr/share/man/man1/;
			dstSubfolderSpec = 0;
			files = (
			);
			runOnlyForDeploymentPostprocessing = 1;
		};
/* End PBXCopyFilesBuildPhase section */

/* Begin PBXFileReference section */
		F5B40DC32901E4C4008A6872 /* server */ = {isa = PBXFileReference; explicitFileType = "compiled.mach-o.executable"; includeInIndex = 0; path = server; sourceTree = BUILT_PRODUCTS_DIR; };
		F5B40DCE2901E4FC008A6872 /* client */ = {isa = PBXFileReference; explicitFileType = "compiled.mach-o.executable"; includeInIndex = 0; path = client; sourceTree = BUILT_PRODUCTS_DIR; };
		F5B40DD02901E4FC008A6872 /* main.cpp */ = {isa = PBXFileReference; lastKnownFileType = sourcecode.cpp.cpp; path = main.cpp; sourceTree = "<group>"; };
		F5B40DDB2901EA07008A6872 /* socket.h */ = {isa = PBXFileReference; lastKnownFileType = sourcecode.c.h; path = socket.h; sourceTree = "<group>"; };
		F5B40DDC2901EA07008A6872 /* socket.c */ = {isa = PBXFileReference; lastKnownFileType = sourcecode.c.c; path = socket.c; sourceTree = "<group>"; };
		F5B40DDF2901F901008A6872 /* acceptConnection.h */ = {isa = PBXFileReference; lastKnownFileType = sourcecode.c.h; path = acceptConnection.h; sourceTree = "<group>"; };
		F5B40DE02901F901008A6872 /* acceptConnection.c */ = {isa = PBXFileReference; lastKnownFileType = sourcecode.c.c; path = acceptConnection.c; sourceTree = "<group>"; };
		F5B40DE72902A5FA008A6872 /* main.cpp */ = {isa = PBXFileReference; fileEncoding = 4; lastKnownFileType = sourcecode.cpp.cpp; path = main.cpp; sourceTree = "<group>"; };
		F5B40DE82902A5FA008A6872 /* server.hpp */ = {isa = PBXFileReference; fileEncoding = 4; lastKnownFileType = sourcecode.cpp.h; path = server.hpp; sourceTree = "<group>"; };
		F5B40DE92902A5FA008A6872 /* server.cpp */ = {isa = PBXFileReference; fileEncoding = 4; lastKnownFileType = sourcecode.cpp.cpp; path = server.cpp; sourceTree = "<group>"; };
		F5B40DEC2902A69C008A6872 /* userThread.cpp */ = {isa = PBXFileReference; lastKnownFileType = sourcecode.cpp.cpp; path = userThread.cpp; sourceTree = "<group>"; };
		F5B40DED2902A69C008A6872 /* userThread.hpp */ = {isa = PBXFileReference; lastKnownFileType = sourcecode.cpp.h; path = userThread.hpp; sourceTree = "<group>"; };
/* End PBXFileReference section */

/* Begin PBXFrameworksBuildPhase section */
		F5B40DC02901E4C4008A6872 /* Frameworks */ = {
			isa = PBXFrameworksBuildPhase;
			buildActionMask = 2147483647;
			files = (
			);
			runOnlyForDeploymentPostprocessing = 0;
		};
		F5B40DCB2901E4FC008A6872 /* Frameworks */ = {
			isa = PBXFrameworksBuildPhase;
			buildActionMask = 2147483647;
			files = (
			);
			runOnlyForDeploymentPostprocessing = 0;
		};
/* End PBXFrameworksBuildPhase section */

/* Begin PBXGroup section */
		F5B40DAA2901E1E5008A6872 = {
			isa = PBXGroup;
			children = (
				F5B40DE42901FBA8008A6872 /* threads */,
				F5B40DDE2901F87B008A6872 /* connections */,
				F5B40DDA2901E9F2008A6872 /* socket */,
				F5B40DBE2901E273008A6872 /* server */,
				F5B40DCF2901E4FC008A6872 /* client */,
				F5B40DB42901E1E5008A6872 /* Products */,
			);
			sourceTree = "<group>";
		};
		F5B40DB42901E1E5008A6872 /* Products */ = {
			isa = PBXGroup;
			children = (
				F5B40DC32901E4C4008A6872 /* server */,
				F5B40DCE2901E4FC008A6872 /* client */,
			);
			name = Products;
			sourceTree = "<group>";
		};
		F5B40DBE2901E273008A6872 /* server */ = {
			isa = PBXGroup;
			children = (
				F5B40DE72902A5FA008A6872 /* main.cpp */,
				F5B40DE92902A5FA008A6872 /* server.cpp */,
				F5B40DE82902A5FA008A6872 /* server.hpp */,
			);
			path = server;
			sourceTree = "<group>";
		};
		F5B40DCF2901E4FC008A6872 /* client */ = {
			isa = PBXGroup;
			children = (
				F5B40DD02901E4FC008A6872 /* main.cpp */,
			);
			path = client;
			sourceTree = "<group>";
		};
		F5B40DDA2901E9F2008A6872 /* socket */ = {
			isa = PBXGroup;
			children = (
				F5B40DDB2901EA07008A6872 /* socket.h */,
				F5B40DDC2901EA07008A6872 /* socket.c */,
			);
			path = socket;
			sourceTree = "<group>";
		};
		F5B40DDE2901F87B008A6872 /* connections */ = {
			isa = PBXGroup;
			children = (
				F5B40DDF2901F901008A6872 /* acceptConnection.h */,
				F5B40DE02901F901008A6872 /* acceptConnection.c */,
			);
			path = connections;
			sourceTree = "<group>";
		};
		F5B40DE42901FBA8008A6872 /* threads */ = {
			isa = PBXGroup;
			children = (
				F5B40DEC2902A69C008A6872 /* userThread.cpp */,
				F5B40DED2902A69C008A6872 /* userThread.hpp */,
			);
			path = threads;
			sourceTree = "<group>";
		};
/* End PBXGroup section */

/* Begin PBXNativeTarget section */
		F5B40DC22901E4C4008A6872 /* server */ = {
			isa = PBXNativeTarget;
			buildConfigurationList = F5B40DC72901E4C4008A6872 /* Build configuration list for PBXNativeTarget "server" */;
			buildPhases = (
				F5B40DBF2901E4C4008A6872 /* Sources */,
				F5B40DC02901E4C4008A6872 /* Frameworks */,
				F5B40DC12901E4C4008A6872 /* CopyFiles */,
			);
			buildRules = (
			);
			dependencies = (
			);
			name = server;
			productName = server;
			productReference = F5B40DC32901E4C4008A6872 /* server */;
			productType = "com.apple.product-type.tool";
		};
		F5B40DCD2901E4FC008A6872 /* client */ = {
			isa = PBXNativeTarget;
			buildConfigurationList = F5B40DD22901E4FC008A6872 /* Build configuration list for PBXNativeTarget "client" */;
			buildPhases = (
				F5B40DCA2901E4FC008A6872 /* Sources */,
				F5B40DCB2901E4FC008A6872 /* Frameworks */,
				F5B40DCC2901E4FC008A6872 /* CopyFiles */,
			);
			buildRules = (
			);
			dependencies = (
			);
			name = client;
			productName = client;
			productReference = F5B40DCE2901E4FC008A6872 /* client */;
			productType = "com.apple.product-type.tool";
		};
/* End PBXNativeTarget section */

/* Begin PBXProject section */
		F5B40DAB2901E1E5008A6872 /* Project object */ = {
			isa = PBXProject;
			attributes = {
				BuildIndependentTargetsInParallel = 1;
				LastUpgradeCheck = 1400;
				TargetAttributes = {
					F5B40DC22901E4C4008A6872 = {
						CreatedOnToolsVersion = 14.0.1;
					};
					F5B40DCD2901E4FC008A6872 = {
						CreatedOnToolsVersion = 14.0.1;
					};
				};
			};
			buildConfigurationList = F5B40DAE2901E1E5008A6872 /* Build configuration list for PBXProject "Terminal-Message-App" */;
			compatibilityVersion = "Xcode 14.0";
			developmentRegion = en;
			hasScannedForEncodings = 0;
			knownRegions = (
				en,
				Base,
			);
			mainGroup = F5B40DAA2901E1E5008A6872;
			productRefGroup = F5B40DB42901E1E5008A6872 /* Products */;
			projectDirPath = "";
			projectRoot = "";
			targets = (
				F5B40DC22901E4C4008A6872 /* server */,
				F5B40DCD2901E4FC008A6872 /* client */,
			);
		};
/* End PBXProject section */

/* Begin PBXSourcesBuildPhase section */
		F5B40DBF2901E4C4008A6872 /* Sources */ = {
			isa = PBXSourcesBuildPhase;
			buildActionMask = 2147483647;
			files = (
				F5B40DEE2902A69C008A6872 /* userThread.cpp in Sources */,
				F5B40DDD2901EA07008A6872 /* socket.c in Sources */,
				F5B40DE12901F901008A6872 /* acceptConnection.c in Sources */,
				F5B40DEB2902A5FA008A6872 /* server.cpp in Sources */,
				F5B40DEA2902A5FA008A6872 /* main.cpp in Sources */,
			);
			runOnlyForDeploymentPostprocessing = 0;
		};
		F5B40DCA2901E4FC008A6872 /* Sources */ = {
			isa = PBXSourcesBuildPhase;
			buildActionMask = 2147483647;
			files = (
				F5B40DD12901E4FC008A6872 /* main.cpp in Sources */,
			);
			runOnlyForDeploymentPostprocessing = 0;
		};
/* End PBXSourcesBuildPhase section */

/* Begin XCBuildConfiguration section */
		F5B40DB82901E1E5008A6872 /* Debug */ = {
			isa = XCBuildConfiguration;
			buildSettings = {
				ALWAYS_SEARCH_USER_PATHS = NO;
				CLANG_ANALYZER_NONNULL = YES;
				CLANG_ANALYZER_NUMBER_OBJECT_CONVERSION = YES_AGGRESSIVE;
				CLANG_CXX_LANGUAGE_STANDARD = "gnu++20";
				CLANG_ENABLE_MODULES = YES;
				CLANG_ENABLE_OBJC_ARC = YES;
				CLANG_ENABLE_OBJC_WEAK = YES;
				CLANG_WARN_BLOCK_CAPTURE_AUTORELEASING = YES;
				CLANG_WARN_BOOL_CONVERSION = YES;
				CLANG_WARN_COMMA = YES;
				CLANG_WARN_CONSTANT_CONVERSION = YES;
				CLANG_WARN_DEPRECATED_OBJC_IMPLEMENTATIONS = YES;
				CLANG_WARN_DIRECT_OBJC_ISA_USAGE = YES_ERROR;
				CLANG_WARN_DOCUMENTATION_COMMENTS = YES;
				CLANG_WARN_EMPTY_BODY = YES;
				CLANG_WARN_ENUM_CONVERSION = YES;
				CLANG_WARN_INFINITE_RECURSION = YES;
				CLANG_WARN_INT_CONVERSION = YES;
				CLANG_WARN_NON_LITERAL_NULL_CONVERSION = YES;
				CLANG_WARN_OBJC_IMPLICIT_RETAIN_SELF = YES;
				CLANG_WARN_OBJC_LITERAL_CONVERSION = YES;
				CLANG_WARN_OBJC_ROOT_CLASS = YES_ERROR;
				CLANG_WARN_QUOTED_INCLUDE_IN_FRAMEWORK_HEADER = YES;
				CLANG_WARN_RANGE_LOOP_ANALYSIS = YES;
				CLANG_WARN_STRICT_PROTOTYPES = YES;
				CLANG_WARN_SUSPICIOUS_MOVE = YES;
				CLANG_WARN_UNGUARDED_AVAILABILITY = YES_AGGRESSIVE;
				CLANG_WARN_UNREACHABLE_CODE = YES;
				CLANG_WARN__DUPLICATE_METHOD_MATCH = YES;
				COPY_PHASE_STRIP = NO;
				DEBUG_INFORMATION_FORMAT = dwarf;
				ENABLE_STRICT_OBJC_MSGSEND = YES;
				ENABLE_TESTABILITY = YES;
				GCC_C_LANGUAGE_STANDARD = gnu11;
				GCC_DYNAMIC_NO_PIC = NO;
				GCC_NO_COMMON_BLOCKS = YES;
				GCC_OPTIMIZATION_LEVEL = 0;
				GCC_PREPROCESSOR_DEFINITIONS = (
					"DEBUG=1",
					"$(inherited)",
				);
				GCC_WARN_64_TO_32_BIT_CONVERSION = YES;
				GCC_WARN_ABOUT_RETURN_TYPE = YES_ERROR;
				GCC_WARN_UNDECLARED_SELECTOR = YES;
				GCC_WARN_UNINITIALIZED_AUTOS = YES_AGGRESSIVE;
				GCC_WARN_UNUSED_FUNCTION = YES;
				GCC_WARN_UNUSED_VARIABLE = YES;
				MACOSX_DEPLOYMENT_TARGET = 12.3;
				MTL_ENABLE_DEBUG_INFO = INCLUDE_SOURCE;
				MTL_FAST_MATH = YES;
				ONLY_ACTIVE_ARCH = YES;
				SDKROOT = macosx;
			};
			name = Debug;
		};
		F5B40DB92901E1E5008A6872 /* Release */ = {
			isa = XCBuildConfiguration;
			buildSettings = {
				ALWAYS_SEARCH_USER_PATHS = NO;
				CLANG_ANALYZER_NONNULL = YES;
				CLANG_ANALYZER_NUMBER_OBJECT_CONVERSION = YES_AGGRESSIVE;
				CLANG_CXX_LANGUAGE_STANDARD = "gnu++20";
				CLANG_ENABLE_MODULES = YES;
				CLANG_ENABLE_OBJC_ARC = YES;
				CLANG_ENABLE_OBJC_WEAK = YES;
				CLANG_WARN_BLOCK_CAPTURE_AUTORELEASING = YES;
				CLANG_WARN_BOOL_CONVERSION = YES;
				CLANG_WARN_COMMA = YES;
				CLANG_WARN_CONSTANT_CONVERSION = YES;
				CLANG_WARN_DEPRECATED_OBJC_IMPLEMENTATIONS = YES;
				CLANG_WARN_DIRECT_OBJC_ISA_USAGE = YES_ERROR;
				CLANG_WARN_DOCUMENTATION_COMMENTS = YES;
				CLANG_WARN_EMPTY_BODY = YES;
				CLANG_WARN_ENUM_CONVERSION = YES;
				CLANG_WARN_INFINITE_RECURSION = YES;
				CLANG_WARN_INT_CONVERSION = YES;
				CLANG_WARN_NON_LITERAL_NULL_CONVERSION = YES;
				CLANG_WARN_OBJC_IMPLICIT_RETAIN_SELF = YES;
				CLANG_WARN_OBJC_LITERAL_CONVERSION = YES;
				CLANG_WARN_OBJC_ROOT_CLASS = YES_ERROR;
				CLANG_WARN_QUOTED_INCLUDE_IN_FRAMEWORK_HEADER = YES;
				CLANG_WARN_RANGE_LOOP_ANALYSIS = YES;
				CLANG_WARN_STRICT_PROTOTYPES = YES;
				CLANG_WARN_SUSPICIOUS_MOVE = YES;
				CLANG_WARN_UNGUARDED_AVAILABILITY = YES_AGGRESSIVE;
				CLANG_WARN_UNREACHABLE_CODE = YES;
				CLANG_WARN__DUPLICATE_METHOD_MATCH = YES;
				COPY_PHASE_STRIP = NO;
				DEBUG_INFORMATION_FORMAT = "dwarf-with-dsym";
				ENABLE_NS_ASSERTIONS = NO;
				ENABLE_STRICT_OBJC_MSGSEND = YES;
				GCC_C_LANGUAGE_STANDARD = gnu11;
				GCC_NO_COMMON_BLOCKS = YES;
				GCC_WARN_64_TO_32_BIT_CONVERSION = YES;
				GCC_WARN_ABOUT_RETURN_TYPE = YES_ERROR;
				GCC_WARN_UNDECLARED_SELECTOR = YES;
				GCC_WARN_UNINITIALIZED_AUTOS = YES_AGGRESSIVE;
				GCC_WARN_UNUSED_FUNCTION = YES;
				GCC_WARN_UNUSED_VARIABLE = YES;
				MACOSX_DEPLOYMENT_TARGET = 12.3;
				MTL_ENABLE_DEBUG_INFO = NO;
				MTL_FAST_MATH = YES;
				SDKROOT = macosx;
			};
			name = Release;
		};
		F5B40DC82901E4C4008A6872 /* Debug */ = {
			isa = XCBuildConfiguration;
			buildSettings = {
				CODE_SIGN_STYLE = Automatic;
				PRODUCT_NAME = "$(TARGET_NAME)";
			};
			name = Debug;
		};
		F5B40DC92901E4C4008A6872 /* Release */ = {
			isa = XCBuildConfiguration;
			buildSettings = {
				CODE_SIGN_STYLE = Automatic;
				PRODUCT_NAME = "$(TARGET_NAME)";
			};
			name = Release;
		};
		F5B40DD32901E4FC008A6872 /* Debug */ = {
			isa = XCBuildConfiguration;
			buildSettings = {
				CODE_SIGN_STYLE = Automatic;
				PRODUCT_NAME = "$(TARGET_NAME)";
			};
			name = Debug;
		};
		F5B40DD42901E4FC008A6872 /* Release */ = {
			isa = XCBuildConfiguration;
			buildSettings = {
				CODE_SIGN_STYLE = Automatic;
				PRODUCT_NAME = "$(TARGET_NAME)";
			};
			name = Release;
		};
/* End XCBuildConfiguration section */

/* Begin XCConfigurationList section */
		F5B40DAE2901E1E5008A6872 /* Build configuration list for PBXProject "Terminal-Message-App" */ = {
			isa = XCConfigurationList;
			buildConfigurations = (
				F5B40DB82901E1E5008A6872 /* Debug */,
				F5B40DB92901E1E5008A6872 /* Release */,
			);
			defaultConfigurationIsVisible = 0;
			defaultConfigurationName = Release;
		};
		F5B40DC72901E4C4008A6872 /* Build configuration list for PBXNativeTarget "server" */ = {
			isa = XCConfigurationList;
			buildConfigurations = (
				F5B40DC82901E4C4008A6872 /* Debug */,
				F5B40DC92901E4C4008A6872 /* Release */,
			);
			defaultConfigurationIsVisible = 0;
			defaultConfigurationName = Release;
		};
		F5B40DD22901E4FC008A6872 /* Build configuration list for PBXNativeTarget "client" */ = {
			isa = XCConfigurationList;
			buildConfigurations = (
				F5B40DD32901E4FC008A6872 /* Debug */,
				F5B40DD42901E4FC008A6872 /* Release */,
			);
			defaultConfigurationIsVisible = 0;
			defaultConfigurationName = Release;
		};
/* End XCConfigurationList section */
	};
	rootObject = F5B40DAB2901E1E5008A6872 /* Project object */;
}
